
Microsoft Visual Studio Solution File, Format Version 12.00
Project("{FAE04EC0-301F-11D3-BF4B-00C04F79EFBC}") = "identiPay.Api", "identiPay.Api\identiPay.Api.csproj", "{7D21EB88-872E-4801-8338-C1592BA4E57C}"
EndProject
Project("{FAE04EC0-301F-11D3-BF4B-00C04F79EFBC}") = "identiPay.Core", "identiPay.Core\identiPay.Core.csproj", "{0D8359CB-F6CB-43C1-99D1-BF6B48C9BC71}"
EndProject
Project("{2150E333-8FDC-42A3-9474-1A3956D46DE8}") = "src", "src", "{67034C1A-C274-46EB-B7CE-58FC94C12835}"
EndProject
Project("{FAE04EC0-301F-11D3-BF4B-00C04F79EFBC}") = "identiPay.Data", "identiPay.Data\identiPay.Data.csproj", "{373A0518-3D96-455A-B91A-E3EA60550E69}"
EndProject
Project("{FAE04EC0-301F-11D3-BF4B-00C04F79EFBC}") = "identiPay.Services", "identiPay.Services\identiPay.Services.csproj", "{459CB132-0A21-4A5D-A7CE-C822492C7D9B}"
EndProject
Global
	GlobalSection(SolutionConfigurationPlatforms) = preSolution
		Debug|Any CPU = Debug|Any CPU
		Release|Any CPU = Release|Any CPU
	EndGlobalSection
	GlobalSection(ProjectConfigurationPlatforms) = postSolution
		{7D21EB88-872E-4801-8338-C1592BA4E57C}.Debug|Any CPU.ActiveCfg = Debug|Any CPU
		{7D21EB88-872E-4801-8338-C1592BA4E57C}.Debug|Any CPU.Build.0 = Debug|Any CPU
		{7D21EB88-872E-4801-8338-C1592BA4E57C}.Release|Any CPU.ActiveCfg = Release|Any CPU
		{7D21EB88-872E-4801-8338-C1592BA4E57C}.Release|Any CPU.Build.0 = Release|Any CPU
		{0D8359CB-F6CB-43C1-99D1-BF6B48C9BC71}.Debug|Any CPU.ActiveCfg = Debug|Any CPU
		{0D8359CB-F6CB-43C1-99D1-BF6B48C9BC71}.Debug|Any CPU.Build.0 = Debug|Any CPU
		{0D8359CB-F6CB-43C1-99D1-BF6B48C9BC71}.Release|Any CPU.ActiveCfg = Release|Any CPU
		{0D8359CB-F6CB-43C1-99D1-BF6B48C9BC71}.Release|Any CPU.Build.0 = Release|Any CPU
		{373A0518-3D96-455A-B91A-E3EA60550E69}.Debug|Any CPU.ActiveCfg = Debug|Any CPU
		{373A0518-3D96-455A-B91A-E3EA60550E69}.Debug|Any CPU.Build.0 = Debug|Any CPU
		{373A0518-3D96-455A-B91A-E3EA60550E69}.Release|Any CPU.ActiveCfg = Release|Any CPU
		{373A0518-3D96-455A-B91A-E3EA60550E69}.Release|Any CPU.Build.0 = Release|Any CPU
		{459CB132-0A21-4A5D-A7CE-C822492C7D9B}.Debug|Any CPU.ActiveCfg = Debug|Any CPU
		{459CB132-0A21-4A5D-A7CE-C822492C7D9B}.Debug|Any CPU.Build.0 = Debug|Any CPU
		{459CB132-0A21-4A5D-A7CE-C822492C7D9B}.Release|Any CPU.ActiveCfg = Release|Any CPU
		{459CB132-0A21-4A5D-A7CE-C822492C7D9B}.Release|Any CPU.Build.0 = Release|Any CPU
	EndGlobalSection
	GlobalSection(NestedProjects) = preSolution
		{7D21EB88-872E-4801-8338-C1592BA4E57C} = {67034C1A-C274-46EB-B7CE-58FC94C12835}
		{0D8359CB-F6CB-43C1-99D1-BF6B48C9BC71} = {67034C1A-C274-46EB-B7CE-58FC94C12835}
		{373A0518-3D96-455A-B91A-E3EA60550E69} = {67034C1A-C274-46EB-B7CE-58FC94C12835}
		{459CB132-0A21-4A5D-A7CE-C822492C7D9B} = {67034C1A-C274-46EB-B7CE-58FC94C12835}
	EndGlobalSection
EndGlobal
